
Microsoft Visual Studio Solution File, Format Version 12.00
# Visual Studio Version 16
VisualStudioVersion = 16.0.31727.386
MinimumVisualStudioVersion = 10.0.40219.1
Project("{888888A0-9F3D-457C-B088-3A5042F75D52}") = "galaga beam", "galaga beam.pyproj", "{4E221A2C-9911-468E-B0F0-C0159501E734}"
EndProject
Global
	GlobalSection(SolutionConfigurationPlatforms) = preSolution
		Debug|Any CPU = Debug|Any CPU
		Release|Any CPU = Release|Any CPU
	EndGlobalSection
	GlobalSection(ProjectConfigurationPlatforms) = postSolution
		{4E221A2C-9911-468E-B0F0-C0159501E734}.Debug|Any CPU.ActiveCfg = Debug|Any CPU
		{4E221A2C-9911-468E-B0F0-C0159501E734}.Release|Any CPU.ActiveCfg = Release|Any CPU
	EndGlobalSection
	GlobalSection(SolutionProperties) = preSolution
		HideSolutionNode = FALSE
	EndGlobalSection
	GlobalSection(ExtensibilityGlobals) = postSolution
		SolutionGuid = {1E81DD96-593A-4ECF-90A2-2C66E0BCB34A}
	EndGlobalSection
EndGlobal
